
Microsoft Visual Studio Solution File, Format Version 12.00
# Visual Studio Version 17
VisualStudioVersion = 17.13.35931.197 d17.13
MinimumVisualStudioVersion = 10.0.40219.1
Project("{FAE04EC0-301F-11D3-BF4B-00C04F79EFBC}") = "WebFrontEndApp", "WebFrontEndApp\WebFrontEndApp.csproj", "{BFFA4ABA-936F-453C-84C1-06ED33909A6D}"
EndProject
Global
	GlobalSection(SolutionConfigurationPlatforms) = preSolution
		Debug|Any CPU = Debug|Any CPU
		Release|Any CPU = Release|Any CPU
	EndGlobalSection
	GlobalSection(ProjectConfigurationPlatforms) = postSolution
		{BFFA4ABA-936F-453C-84C1-06ED33909A6D}.Debug|Any CPU.ActiveCfg = Debug|Any CPU
		{BFFA4ABA-936F-453C-84C1-06ED33909A6D}.Debug|Any CPU.Build.0 = Debug|Any CPU
		{BFFA4ABA-936F-453C-84C1-06ED33909A6D}.Release|Any CPU.ActiveCfg = Release|Any CPU
		{BFFA4ABA-936F-453C-84C1-06ED33909A6D}.Release|Any CPU.Build.0 = Release|Any CPU
	EndGlobalSection
	GlobalSection(SolutionProperties) = preSolution
		HideSolutionNode = FALSE
	EndGlobalSection
	GlobalSection(ExtensibilityGlobals) = postSolution
		SolutionGuid = {4AF0FCC6-9F16-46FD-94D0-025B45ECF167}
	EndGlobalSection
EndGlobal
